{
  "name": "test",
  "version": "1.0.0",
  "lockfileVersion": 2,
  "requires": true,
  "packages": {
    "": {
      "version": "1.0.0",
      "license": "ISC",
      "dependencies": {
        "@presspage/metatrader-bridge": "file:.."
      }
    },
    "..": {
      "name": "@presspage/metatrader-bridge",
      "version": "1.1.0",
      "license": "CC-BY-4.0",
      "dependencies": {
        "cors": "^2.8.5",
        "express": "^4.17.1",
        "killable": "^1.0.1",
        "nodejs-md5": "^1.1.0",
        "ta-lib": "^0.11.0"
      },
      "engines": {
        "node": ">=6.0.0"
      }
    },
    "node_modules/@presspage/metatrader-bridge": {
      "resolved": "..",
      "link": true
    }
  },
  "dependencies": {
    "@presspage/metatrader-bridge": {
      "version": "file:..",
      "requires": {
        "cors": "^2.8.5",
        "express": "^4.17.1",
        "killable": "^1.0.1",
        "nodejs-md5": "^1.1.0",
        "ta-lib": "^0.11.0"
      }
    }
  }
}
